
Microsoft Visual Studio Solution File, Format Version 12.00
# Visual Studio Version 17
VisualStudioVersion = 17.11.35222.181
MinimumVisualStudioVersion = 10.0.40219.1
Project("{FAE04EC0-301F-11D3-BF4B-00C04F79EFBC}") = "SauceDemo", "SauceDemo\SauceDemo.csproj", "{1740C215-4E61-4C63-8727-6933278FA67E}"
EndProject
Project("{FAE04EC0-301F-11D3-BF4B-00C04F79EFBC}") = "POM", "POM\POM.csproj", "{741E6EC5-E525-4D9D-BF86-55CBDD1815A4}"
EndProject
Project("{FAE04EC0-301F-11D3-BF4B-00C04F79EFBC}") = "Utilities", "Utilities\Utilities.csproj", "{D2AF9931-382F-4E69-B947-A8E98FCB952A}"
EndProject
Global
	GlobalSection(SolutionConfigurationPlatforms) = preSolution
		Debug|Any CPU = Debug|Any CPU
		Release|Any CPU = Release|Any CPU
	EndGlobalSection
	GlobalSection(ProjectConfigurationPlatforms) = postSolution
		{1740C215-4E61-4C63-8727-6933278FA67E}.Debug|Any CPU.ActiveCfg = Debug|Any CPU
		{1740C215-4E61-4C63-8727-6933278FA67E}.Debug|Any CPU.Build.0 = Debug|Any CPU
		{1740C215-4E61-4C63-8727-6933278FA67E}.Release|Any CPU.ActiveCfg = Release|Any CPU
		{1740C215-4E61-4C63-8727-6933278FA67E}.Release|Any CPU.Build.0 = Release|Any CPU
		{741E6EC5-E525-4D9D-BF86-55CBDD1815A4}.Debug|Any CPU.ActiveCfg = Debug|Any CPU
		{741E6EC5-E525-4D9D-BF86-55CBDD1815A4}.Debug|Any CPU.Build.0 = Debug|Any CPU
		{741E6EC5-E525-4D9D-BF86-55CBDD1815A4}.Release|Any CPU.ActiveCfg = Release|Any CPU
		{741E6EC5-E525-4D9D-BF86-55CBDD1815A4}.Release|Any CPU.Build.0 = Release|Any CPU
		{D2AF9931-382F-4E69-B947-A8E98FCB952A}.Debug|Any CPU.ActiveCfg = Debug|Any CPU
		{D2AF9931-382F-4E69-B947-A8E98FCB952A}.Debug|Any CPU.Build.0 = Debug|Any CPU
		{D2AF9931-382F-4E69-B947-A8E98FCB952A}.Release|Any CPU.ActiveCfg = Release|Any CPU
		{D2AF9931-382F-4E69-B947-A8E98FCB952A}.Release|Any CPU.Build.0 = Release|Any CPU
	EndGlobalSection
	GlobalSection(SolutionProperties) = preSolution
		HideSolutionNode = FALSE
	EndGlobalSection
	GlobalSection(ExtensibilityGlobals) = postSolution
		SolutionGuid = {20953840-AAC3-44E1-931A-7E0C3FDBF8FB}
	EndGlobalSection
EndGlobal
